// !$*UTF8*$!
{
	archiveVersion = 1;
	classes = {
	};
	objectVersion = 55;
	objects = {

/* Begin PBXBuildFile section */
		1267EDE127DB81B600E283AA /* AppDelegate.swift in Sources */ = {isa = PBXBuildFile; fileRef = 1267EDE027DB81B600E283AA /* AppDelegate.swift */; };
		1267EDE327DB81B600E283AA /* SceneDelegate.swift in Sources */ = {isa = PBXBuildFile; fileRef = 1267EDE227DB81B600E283AA /* SceneDelegate.swift */; };
		1267EDE527DB81B600E283AA /* ViewController.swift in Sources */ = {isa = PBXBuildFile; fileRef = 1267EDE427DB81B600E283AA /* ViewController.swift */; };
		1267EDE827DB81B600E283AA /* Main.storyboard in Resources */ = {isa = PBXBuildFile; fileRef = 1267EDE627DB81B600E283AA /* Main.storyboard */; };
		1267EDEA27DB81B800E283AA /* Assets.xcassets in Resources */ = {isa = PBXBuildFile; fileRef = 1267EDE927DB81B800E283AA /* Assets.xcassets */; };
		1267EDED27DB81B800E283AA /* LaunchScreen.storyboard in Resources */ = {isa = PBXBuildFile; fileRef = 1267EDEB27DB81B800E283AA /* LaunchScreen.storyboard */; };
		4FA0342774DE1476B021DA05 /* Pods_QAToolkitDemo.framework in Frameworks */ = {isa = PBXBuildFile; fileRef = 72B13C0F459D61C7B8D98D24 /* Pods_QAToolkitDemo.framework */; };
/* End PBXBuildFile section */

/* Begin PBXFileReference section */
		1267EDDD27DB81B600E283AA /* QAToolkitDemo.app */ = {isa = PBXFileReference; explicitFileType = wrapper.application; includeInIndex = 0; path = QAToolkitDemo.app; sourceTree = BUILT_PRODUCTS_DIR; };
		1267EDE027DB81B600E283AA /* AppDelegate.swift */ = {isa = PBXFileReference; lastKnownFileType = sourcecode.swift; path = AppDelegate.swift; sourceTree = "<group>"; };
		1267EDE227DB81B600E283AA /* SceneDelegate.swift */ = {isa = PBXFileReference; lastKnownFileType = sourcecode.swift; path = SceneDelegate.swift; sourceTree = "<group>"; };
		1267EDE427DB81B600E283AA /* ViewController.swift */ = {isa = PBXFileReference; lastKnownFileType = sourcecode.swift; path = ViewController.swift; sourceTree = "<group>"; };
		1267EDE727DB81B600E283AA /* Base */ = {isa = PBXFileReference; lastKnownFileType = file.storyboard; name = Base; path = Base.lproj/Main.storyboard; sourceTree = "<group>"; };
		1267EDE927DB81B800E283AA /* Assets.xcassets */ = {isa = PBXFileReference; lastKnownFileType = folder.assetcatalog; path = Assets.xcassets; sourceTree = "<group>"; };
		1267EDEC27DB81B800E283AA /* Base */ = {isa = PBXFileReference; lastKnownFileType = file.storyboard; name = Base; path = Base.lproj/LaunchScreen.storyboard; sourceTree = "<group>"; };
		1267EDEE27DB81B800E283AA /* Info.plist */ = {isa = PBXFileReference; lastKnownFileType = text.plist.xml; path = Info.plist; sourceTree = "<group>"; };
		2DD3BC00D3DAFF4D13DA9EB1 /* Pods-QAToolkitDemo.release.xcconfig */ = {isa = PBXFileReference; includeInIndex = 1; lastKnownFileType = text.xcconfig; name = "Pods-QAToolkitDemo.release.xcconfig"; path = "Target Support Files/Pods-QAToolkitDemo/Pods-QAToolkitDemo.release.xcconfig"; sourceTree = "<group>"; };
		72B13C0F459D61C7B8D98D24 /* Pods_QAToolkitDemo.framework */ = {isa = PBXFileReference; explicitFileType = wrapper.framework; includeInIndex = 0; path = Pods_QAToolkitDemo.framework; sourceTree = BUILT_PRODUCTS_DIR; };
		9AA7B07319447CC5FCA0648F /* Pods-QAToolkitDemo.debug.xcconfig */ = {isa = PBXFileReference; includeInIndex = 1; lastKnownFileType = text.xcconfig; name = "Pods-QAToolkitDemo.debug.xcconfig"; path = "Target Support Files/Pods-QAToolkitDemo/Pods-QAToolkitDemo.debug.xcconfig"; sourceTree = "<group>"; };
/* End PBXFileReference section */

/* Begin PBXFrameworksBuildPhase section */
		1267EDDA27DB81B600E283AA /* Frameworks */ = {
			isa = PBXFrameworksBuildPhase;
			buildActionMask = 2147483647;
			files = (
				4FA0342774DE1476B021DA05 /* Pods_QAToolkitDemo.framework in Frameworks */,
			);
			runOnlyForDeploymentPostprocessing = 0;
		};
/* End PBXFrameworksBuildPhase section */

/* Begin PBXGroup section */
		06805032A2A4B7CF642AA192 /* Frameworks */ = {
			isa = PBXGroup;
			children = (
				72B13C0F459D61C7B8D98D24 /* Pods_QAToolkitDemo.framework */,
			);
			name = Frameworks;
			sourceTree = "<group>";
		};
		1267EDD427DB81B600E283AA = {
			isa = PBXGroup;
			children = (
				1267EDDF27DB81B600E283AA /* QAToolkitDemo */,
				1267EDDE27DB81B600E283AA /* Products */,
				303F79C680A1C4E3E963C122 /* Pods */,
				06805032A2A4B7CF642AA192 /* Frameworks */,
			);
			sourceTree = "<group>";
		};
		1267EDDE27DB81B600E283AA /* Products */ = {
			isa = PBXGroup;
			children = (
				1267EDDD27DB81B600E283AA /* QAToolkitDemo.app */,
			);
			name = Products;
			sourceTree = "<group>";
		};
		1267EDDF27DB81B600E283AA /* QAToolkitDemo */ = {
			isa = PBXGroup;
			children = (
				1267EDE027DB81B600E283AA /* AppDelegate.swift */,
				1267EDE227DB81B600E283AA /* SceneDelegate.swift */,
				1267EDE427DB81B600E283AA /* ViewController.swift */,
				1267EDE627DB81B600E283AA /* Main.storyboard */,
				1267EDE927DB81B800E283AA /* Assets.xcassets */,
				1267EDEB27DB81B800E283AA /* LaunchScreen.storyboard */,
				1267EDEE27DB81B800E283AA /* Info.plist */,
			);
			path = QAToolkitDemo;
			sourceTree = "<group>";
		};
		303F79C680A1C4E3E963C122 /* Pods */ = {
			isa = PBXGroup;
			children = (
				9AA7B07319447CC5FCA0648F /* Pods-QAToolkitDemo.debug.xcconfig */,
				2DD3BC00D3DAFF4D13DA9EB1 /* Pods-QAToolkitDemo.release.xcconfig */,
			);
			name = Pods;
			path = Pods;
			sourceTree = "<group>";
		};
/* End PBXGroup section */

/* Begin PBXNativeTarget section */
		1267EDDC27DB81B600E283AA /* QAToolkitDemo */ = {
			isa = PBXNativeTarget;
			buildConfigurationList = 1267EDF127DB81B800E283AA /* Build configuration list for PBXNativeTarget "QAToolkitDemo" */;
			buildPhases = (
				3A275088B61159F9A17B5699 /* [CP] Check Pods Manifest.lock */,
				1267EDD927DB81B600E283AA /* Sources */,
				1267EDDA27DB81B600E283AA /* Frameworks */,
				1267EDDB27DB81B600E283AA /* Resources */,
				92F21164F3858F52A41F6E91 /* [CP] Embed Pods Frameworks */,
			);
			buildRules = (
			);
			dependencies = (
			);
			name = QAToolkitDemo;
			productName = QAToolkitDemo;
			productReference = 1267EDDD27DB81B600E283AA /* QAToolkitDemo.app */;
			productType = "com.apple.product-type.application";
		};
/* End PBXNativeTarget section */

/* Begin PBXProject section */
		1267EDD527DB81B600E283AA /* Project object */ = {
			isa = PBXProject;
			attributes = {
				BuildIndependentTargetsInParallel = 1;
				LastSwiftUpdateCheck = 1320;
				LastUpgradeCheck = 1320;
				TargetAttributes = {
					1267EDDC27DB81B600E283AA = {
						CreatedOnToolsVersion = 13.2;
					};
				};
			};
			buildConfigurationList = 1267EDD827DB81B600E283AA /* Build configuration list for PBXProject "QAToolkitDemo" */;
			compatibilityVersion = "Xcode 13.0";
			developmentRegion = en;
			hasScannedForEncodings = 0;
			knownRegions = (
				en,
				Base,
			);
			mainGroup = 1267EDD427DB81B600E283AA;
			productRefGroup = 1267EDDE27DB81B600E283AA /* Products */;
			projectDirPath = "";
			projectRoot = "";
			targets = (
				1267EDDC27DB81B600E283AA /* QAToolkitDemo */,
			);
		};
/* End PBXProject section */

/* Begin PBXResourcesBuildPhase section */
		1267EDDB27DB81B600E283AA /* Resources */ = {
			isa = PBXResourcesBuildPhase;
			buildActionMask = 2147483647;
			files = (
				1267EDED27DB81B800E283AA /* LaunchScreen.storyboard in Resources */,
				1267EDEA27DB81B800E283AA /* Assets.xcassets in Resources */,
				1267EDE827DB81B600E283AA /* Main.storyboard in Resources */,
			);
			runOnlyForDeploymentPostprocessing = 0;
		};
/* End PBXResourcesBuildPhase section */

/* Begin PBXShellScriptBuildPhase section */
		3A275088B61159F9A17B5699 /* [CP] Check Pods Manifest.lock */ = {
			isa = PBXShellScriptBuildPhase;
			buildActionMask = 2147483647;
			files = (
			);
			inputFileListPaths = (
			);
			inputPaths = (
				"${PODS_PODFILE_DIR_PATH}/Podfile.lock",
				"${PODS_ROOT}/Manifest.lock",
			);
			name = "[CP] Check Pods Manifest.lock";
			outputFileListPaths = (
			);
			outputPaths = (
				"$(DERIVED_FILE_DIR)/Pods-QAToolkitDemo-checkManifestLockResult.txt",
			);
			runOnlyForDeploymentPostprocessing = 0;
			shellPath = /bin/sh;
			shellScript = "diff \"${PODS_PODFILE_DIR_PATH}/Podfile.lock\" \"${PODS_ROOT}/Manifest.lock\" > /dev/null\nif [ $? != 0 ] ; then\n    # print error to STDERR\n    echo \"error: The sandbox is not in sync with the Podfile.lock. Run 'pod install' or update your CocoaPods installation.\" >&2\n    exit 1\nfi\n# This output is used by Xcode 'outputs' to avoid re-running this script phase.\necho \"SUCCESS\" > \"${SCRIPT_OUTPUT_FILE_0}\"\n";
			showEnvVarsInLog = 0;
		};
		92F21164F3858F52A41F6E91 /* [CP] Embed Pods Frameworks */ = {
			isa = PBXShellScriptBuildPhase;
			buildActionMask = 2147483647;
			files = (
			);
			inputFileListPaths = (
				"${PODS_ROOT}/Target Support Files/Pods-QAToolkitDemo/Pods-QAToolkitDemo-frameworks-${CONFIGURATION}-input-files.xcfilelist",
			);
			name = "[CP] Embed Pods Frameworks";
			outputFileListPaths = (
				"${PODS_ROOT}/Target Support Files/Pods-QAToolkitDemo/Pods-QAToolkitDemo-frameworks-${CONFIGURATION}-output-files.xcfilelist",
			);
			runOnlyForDeploymentPostprocessing = 0;
			shellPath = /bin/sh;
			shellScript = "\"${PODS_ROOT}/Target Support Files/Pods-QAToolkitDemo/Pods-QAToolkitDemo-frameworks.sh\"\n";
			showEnvVarsInLog = 0;
		};
/* End PBXShellScriptBuildPhase section */

/* Begin PBXSourcesBuildPhase section */
		1267EDD927DB81B600E283AA /* Sources */ = {
			isa = PBXSourcesBuildPhase;
			buildActionMask = 2147483647;
			files = (
				1267EDE527DB81B600E283AA /* ViewController.swift in Sources */,
				1267EDE127DB81B600E283AA /* AppDelegate.swift in Sources */,
				1267EDE327DB81B600E283AA /* SceneDelegate.swift in Sources */,
			);
			runOnlyForDeploymentPostprocessing = 0;
		};
/* End PBXSourcesBuildPhase section */

/* Begin PBXVariantGroup section */
		1267EDE627DB81B600E283AA /* Main.storyboard */ = {
			isa = PBXVariantGroup;
			children = (
				1267EDE727DB81B600E283AA /* Base */,
			);
			name = Main.storyboard;
			sourceTree = "<group>";
		};
		1267EDEB27DB81B800E283AA /* LaunchScreen.storyboard */ = {
			isa = PBXVariantGroup;
			children = (
				1267EDEC27DB81B800E283AA /* Base */,
			);
			name = LaunchScreen.storyboard;
			sourceTree = "<group>";
		};
/* End PBXVariantGroup section */

/* Begin XCBuildConfiguration section */
		1267EDEF27DB81B800E283AA /* Debug */ = {
			isa = XCBuildConfiguration;
			buildSettings = {
				ALWAYS_SEARCH_USER_PATHS = NO;
				CLANG_ANALYZER_NONNULL = YES;
				CLANG_ANALYZER_NUMBER_OBJECT_CONVERSION = YES_AGGRESSIVE;
				CLANG_CXX_LANGUAGE_STANDARD = "gnu++17";
				CLANG_CXX_LIBRARY = "libc++";
				CLANG_ENABLE_MODULES = YES;
				CLANG_ENABLE_OBJC_ARC = YES;
				CLANG_ENABLE_OBJC_WEAK = YES;
				CLANG_WARN_BLOCK_CAPTURE_AUTORELEASING = YES;
				CLANG_WARN_BOOL_CONVERSION = YES;
				CLANG_WARN_COMMA = YES;
				CLANG_WARN_CONSTANT_CONVERSION = YES;
				CLANG_WARN_DEPRECATED_OBJC_IMPLEMENTATIONS = YES;
				CLANG_WARN_DIRECT_OBJC_ISA_USAGE = YES_ERROR;
				CLANG_WARN_DOCUMENTATION_COMMENTS = YES;
				CLANG_WARN_EMPTY_BODY = YES;
				CLANG_WARN_ENUM_CONVERSION = YES;
				CLANG_WARN_INFINITE_RECURSION = YES;
				CLANG_WARN_INT_CONVERSION = YES;
				CLANG_WARN_NON_LITERAL_NULL_CONVERSION = YES;
				CLANG_WARN_OBJC_IMPLICIT_RETAIN_SELF = YES;
				CLANG_WARN_OBJC_LITERAL_CONVERSION = YES;
				CLANG_WARN_OBJC_ROOT_CLASS = YES_ERROR;
				CLANG_WARN_QUOTED_INCLUDE_IN_FRAMEWORK_HEADER = YES;
				CLANG_WARN_RANGE_LOOP_ANALYSIS = YES;
				CLANG_WARN_STRICT_PROTOTYPES = YES;
				CLANG_WARN_SUSPICIOUS_MOVE = YES;
				CLANG_WARN_UNGUARDED_AVAILABILITY = YES_AGGRESSIVE;
				CLANG_WARN_UNREACHABLE_CODE = YES;
				CLANG_WARN__DUPLICATE_METHOD_MATCH = YES;
				COPY_PHASE_STRIP = NO;
				DEBUG_INFORMATION_FORMAT = dwarf;
				ENABLE_STRICT_OBJC_MSGSEND = YES;
				ENABLE_TESTABILITY = YES;
				GCC_C_LANGUAGE_STANDARD = gnu11;
				GCC_DYNAMIC_NO_PIC = NO;
				GCC_NO_COMMON_BLOCKS = YES;
				GCC_OPTIMIZATION_LEVEL = 0;
				GCC_PREPROCESSOR_DEFINITIONS = (
					"DEBUG=1",
					"$(inherited)",
				);
				GCC_WARN_64_TO_32_BIT_CONVERSION = YES;
				GCC_WARN_ABOUT_RETURN_TYPE = YES_ERROR;
				GCC_WARN_UNDECLARED_SELECTOR = YES;
				GCC_WARN_UNINITIALIZED_AUTOS = YES_AGGRESSIVE;
				GCC_WARN_UNUSED_FUNCTION = YES;
				GCC_WARN_UNUSED_VARIABLE = YES;
				IPHONEOS_DEPLOYMENT_TARGET = 15.2;
				MTL_ENABLE_DEBUG_INFO = INCLUDE_SOURCE;
				MTL_FAST_MATH = YES;
				ONLY_ACTIVE_ARCH = YES;
				SDKROOT = iphoneos;
				SWIFT_ACTIVE_COMPILATION_CONDITIONS = DEBUG;
				SWIFT_OPTIMIZATION_LEVEL = "-Onone";
			};
			name = Debug;
		};
		1267EDF027DB81B800E283AA /* Release */ = {
			isa = XCBuildConfiguration;
			buildSettings = {
				ALWAYS_SEARCH_USER_PATHS = NO;
				CLANG_ANALYZER_NONNULL = YES;
				CLANG_ANALYZER_NUMBER_OBJECT_CONVERSION = YES_AGGRESSIVE;
				CLANG_CXX_LANGUAGE_STANDARD = "gnu++17";
				CLANG_CXX_LIBRARY = "libc++";
				CLANG_ENABLE_MODULES = YES;
				CLANG_ENABLE_OBJC_ARC = YES;
				CLANG_ENABLE_OBJC_WEAK = YES;
				CLANG_WARN_BLOCK_CAPTURE_AUTORELEASING = YES;
				CLANG_WARN_BOOL_CONVERSION = YES;
				CLANG_WARN_COMMA = YES;
				CLANG_WARN_CONSTANT_CONVERSION = YES;
				CLANG_WARN_DEPRECATED_OBJC_IMPLEMENTATIONS = YES;
				CLANG_WARN_DIRECT_OBJC_ISA_USAGE = YES_ERROR;
				CLANG_WARN_DOCUMENTATION_COMMENTS = YES;
				CLANG_WARN_EMPTY_BODY = YES;
				CLANG_WARN_ENUM_CONVERSION = YES;
				CLANG_WARN_INFINITE_RECURSION = YES;
				CLANG_WARN_INT_CONVERSION = YES;
				CLANG_WARN_NON_LITERAL_NULL_CONVERSION = YES;
				CLANG_WARN_OBJC_IMPLICIT_RETAIN_SELF = YES;
				CLANG_WARN_OBJC_LITERAL_CONVERSION = YES;
				CLANG_WARN_OBJC_ROOT_CLASS = YES_ERROR;
				CLANG_WARN_QUOTED_INCLUDE_IN_FRAMEWORK_HEADER = YES;
				CLANG_WARN_RANGE_LOOP_ANALYSIS = YES;
				CLANG_WARN_STRICT_PROTOTYPES = YES;
				CLANG_WARN_SUSPICIOUS_MOVE = YES;
				CLANG_WARN_UNGUARDED_AVAILABILITY = YES_AGGRESSIVE;
				CLANG_WARN_UNREACHABLE_CODE = YES;
				CLANG_WARN__DUPLICATE_METHOD_MATCH = YES;
				COPY_PHASE_STRIP = NO;
				DEBUG_INFORMATION_FORMAT = "dwarf-with-dsym";
				ENABLE_NS_ASSERTIONS = NO;
				ENABLE_STRICT_OBJC_MSGSEND = YES;
				GCC_C_LANGUAGE_STANDARD = gnu11;
				GCC_NO_COMMON_BLOCKS = YES;
				GCC_WARN_64_TO_32_BIT_CONVERSION = YES;
				GCC_WARN_ABOUT_RETURN_TYPE = YES_ERROR;
				GCC_WARN_UNDECLARED_SELECTOR = YES;
				GCC_WARN_UNINITIALIZED_AUTOS = YES_AGGRESSIVE;
				GCC_WARN_UNUSED_FUNCTION = YES;
				GCC_WARN_UNUSED_VARIABLE = YES;
				IPHONEOS_DEPLOYMENT_TARGET = 15.2;
				MTL_ENABLE_DEBUG_INFO = NO;
				MTL_FAST_MATH = YES;
				SDKROOT = iphoneos;
				SWIFT_COMPILATION_MODE = wholemodule;
				SWIFT_OPTIMIZATION_LEVEL = "-O";
				VALIDATE_PRODUCT = YES;
			};
			name = Release;
		};
		1267EDF227DB81B800E283AA /* Debug */ = {
			isa = XCBuildConfiguration;
			baseConfigurationReference = 9AA7B07319447CC5FCA0648F /* Pods-QAToolkitDemo.debug.xcconfig */;
			buildSettings = {
				ASSETCATALOG_COMPILER_APPICON_NAME = AppIcon;
				ASSETCATALOG_COMPILER_GLOBAL_ACCENT_COLOR_NAME = AccentColor;
				CODE_SIGN_STYLE = Automatic;
				CURRENT_PROJECT_VERSION = 1;
				GENERATE_INFOPLIST_FILE = YES;
				INFOPLIST_FILE = QAToolkitDemo/Info.plist;
				INFOPLIST_KEY_UIApplicationSupportsIndirectInputEvents = YES;
				INFOPLIST_KEY_UILaunchStoryboardName = LaunchScreen;
				INFOPLIST_KEY_UIMainStoryboardFile = Main;
				INFOPLIST_KEY_UISupportedInterfaceOrientations_iPad = "UIInterfaceOrientationPortrait UIInterfaceOrientationPortraitUpsideDown UIInterfaceOrientationLandscapeLeft UIInterfaceOrientationLandscapeRight";
				INFOPLIST_KEY_UISupportedInterfaceOrientations_iPhone = "UIInterfaceOrientationPortrait UIInterfaceOrientationLandscapeLeft UIInterfaceOrientationLandscapeRight";
				LD_RUNPATH_SEARCH_PATHS = (
					"$(inherited)",
					"@executable_path/Frameworks",
				);
				MARKETING_VERSION = 1.0;
				PRODUCT_BUNDLE_IDENTIFIER = uknown.QAToolkitDemo;
				PRODUCT_NAME = "$(TARGET_NAME)";
				SWIFT_EMIT_LOC_STRINGS = YES;
				SWIFT_VERSION = 5.0;
				TARGETED_DEVICE_FAMILY = "1,2";
			};
			name = Debug;
		};
		1267EDF327DB81B800E283AA /* Release */ = {
			isa = XCBuildConfiguration;
			baseConfigurationReference = 2DD3BC00D3DAFF4D13DA9EB1 /* Pods-QAToolkitDemo.release.xcconfig */;
			buildSettings = {
				ASSETCATALOG_COMPILER_APPICON_NAME = AppIcon;
				ASSETCATALOG_COMPILER_GLOBAL_ACCENT_COLOR_NAME = AccentColor;
				CODE_SIGN_STYLE = Automatic;
				CURRENT_PROJECT_VERSION = 1;
				GENERATE_INFOPLIST_FILE = YES;
				INFOPLIST_FILE = QAToolkitDemo/Info.plist;
				INFOPLIST_KEY_UIApplicationSupportsIndirectInputEvents = YES;
				INFOPLIST_KEY_UILaunchStoryboardName = LaunchScreen;
				INFOPLIST_KEY_UIMainStoryboardFile = Main;
				INFOPLIST_KEY_UISupportedInterfaceOrientations_iPad = "UIInterfaceOrientationPortrait UIInterfaceOrientationPortraitUpsideDown UIInterfaceOrientationLandscapeLeft UIInterfaceOrientationLandscapeRight";
				INFOPLIST_KEY_UISupportedInterfaceOrientations_iPhone = "UIInterfaceOrientationPortrait UIInterfaceOrientationLandscapeLeft UIInterfaceOrientationLandscapeRight";
				LD_RUNPATH_SEARCH_PATHS = (
					"$(inherited)",
					"@executable_path/Frameworks",
				);
				MARKETING_VERSION = 1.0;
				PRODUCT_BUNDLE_IDENTIFIER = uknown.QAToolkitDemo;
				PRODUCT_NAME = "$(TARGET_NAME)";
				SWIFT_EMIT_LOC_STRINGS = YES;
				SWIFT_VERSION = 5.0;
				TARGETED_DEVICE_FAMILY = "1,2";
			};
			name = Release;
		};
/* End XCBuildConfiguration section */

/* Begin XCConfigurationList section */
		1267EDD827DB81B600E283AA /* Build configuration list for PBXProject "QAToolkitDemo" */ = {
			isa = XCConfigurationList;
			buildConfigurations = (
				1267EDEF27DB81B800E283AA /* Debug */,
				1267EDF027DB81B800E283AA /* Release */,
			);
			defaultConfigurationIsVisible = 0;
			defaultConfigurationName = Release;
		};
		1267EDF127DB81B800E283AA /* Build configuration list for PBXNativeTarget "QAToolkitDemo" */ = {
			isa = XCConfigurationList;
			buildConfigurations = (
				1267EDF227DB81B800E283AA /* Debug */,
				1267EDF327DB81B800E283AA /* Release */,
			);
			defaultConfigurationIsVisible = 0;
			defaultConfigurationName = Release;
		};
/* End XCConfigurationList section */
	};
	rootObject = 1267EDD527DB81B600E283AA /* Project object */;
}
